// !$*UTF8*$!
{
	archiveVersion = 1;
	classes = {
	};
	objectVersion = 56;
	objects = {

/* Begin PBXBuildFile section */
		EB18E8D6299B680B00F14CA3 /* AddView.swift in Sources */ = {isa = PBXBuildFile; fileRef = EB18E8D5299B680B00F14CA3 /* AddView.swift */; };
		EB18E8D8299BBA4600F14CA3 /* HabitView.swift in Sources */ = {isa = PBXBuildFile; fileRef = EB18E8D7299BBA4600F14CA3 /* HabitView.swift */; };
		EBBCFCF8299ABFB1000803C1 /* Day47_Milestone_HabitTrackerAppApp.swift in Sources */ = {isa = PBXBuildFile; fileRef = EBBCFCF7299ABFB1000803C1 /* Day47_Milestone_HabitTrackerAppApp.swift */; };
		EBBCFCFA299ABFB1000803C1 /* ContentView.swift in Sources */ = {isa = PBXBuildFile; fileRef = EBBCFCF9299ABFB1000803C1 /* ContentView.swift */; };
		EBBCFCFC299ABFB3000803C1 /* Assets.xcassets in Resources */ = {isa = PBXBuildFile; fileRef = EBBCFCFB299ABFB3000803C1 /* Assets.xcassets */; };
		EBBCFCFF299ABFB3000803C1 /* Preview Assets.xcassets in Resources */ = {isa = PBXBuildFile; fileRef = EBBCFCFE299ABFB3000803C1 /* Preview Assets.xcassets */; };
		EBBCFD06299B59DF000803C1 /* HabitItem.swift in Sources */ = {isa = PBXBuildFile; fileRef = EBBCFD05299B59DF000803C1 /* HabitItem.swift */; };
		EBBCFD08299B5A8B000803C1 /* Habits.swift in Sources */ = {isa = PBXBuildFile; fileRef = EBBCFD07299B5A8B000803C1 /* Habits.swift */; };
/* End PBXBuildFile section */

/* Begin PBXFileReference section */
		EB18E8D5299B680B00F14CA3 /* AddView.swift */ = {isa = PBXFileReference; lastKnownFileType = sourcecode.swift; path = AddView.swift; sourceTree = "<group>"; };
		EB18E8D7299BBA4600F14CA3 /* HabitView.swift */ = {isa = PBXFileReference; lastKnownFileType = sourcecode.swift; path = HabitView.swift; sourceTree = "<group>"; };
		EBBCFCF4299ABFB1000803C1 /* Day47-Milestone-HabitTrackerApp.app */ = {isa = PBXFileReference; explicitFileType = wrapper.application; includeInIndex = 0; path = "Day47-Milestone-HabitTrackerApp.app"; sourceTree = BUILT_PRODUCTS_DIR; };
		EBBCFCF7299ABFB1000803C1 /* Day47_Milestone_HabitTrackerAppApp.swift */ = {isa = PBXFileReference; lastKnownFileType = sourcecode.swift; path = Day47_Milestone_HabitTrackerAppApp.swift; sourceTree = "<group>"; };
		EBBCFCF9299ABFB1000803C1 /* ContentView.swift */ = {isa = PBXFileReference; lastKnownFileType = sourcecode.swift; path = ContentView.swift; sourceTree = "<group>"; };
		EBBCFCFB299ABFB3000803C1 /* Assets.xcassets */ = {isa = PBXFileReference; lastKnownFileType = folder.assetcatalog; path = Assets.xcassets; sourceTree = "<group>"; };
		EBBCFCFE299ABFB3000803C1 /* Preview Assets.xcassets */ = {isa = PBXFileReference; lastKnownFileType = folder.assetcatalog; path = "Preview Assets.xcassets"; sourceTree = "<group>"; };
		EBBCFD05299B59DF000803C1 /* HabitItem.swift */ = {isa = PBXFileReference; lastKnownFileType = sourcecode.swift; path = HabitItem.swift; sourceTree = "<group>"; };
		EBBCFD07299B5A8B000803C1 /* Habits.swift */ = {isa = PBXFileReference; lastKnownFileType = sourcecode.swift; path = Habits.swift; sourceTree = "<group>"; };
/* End PBXFileReference section */

/* Begin PBXFrameworksBuildPhase section */
		EBBCFCF1299ABFB1000803C1 /* Frameworks */ = {
			isa = PBXFrameworksBuildPhase;
			buildActionMask = 2147483647;
			files = (
			);
			runOnlyForDeploymentPostprocessing = 0;
		};
/* End PBXFrameworksBuildPhase section */

/* Begin PBXGroup section */
		EBBCFCEB299ABFB1000803C1 = {
			isa = PBXGroup;
			children = (
				EBBCFCF6299ABFB1000803C1 /* Day47-Milestone-HabitTrackerApp */,
				EBBCFCF5299ABFB1000803C1 /* Products */,
			);
			sourceTree = "<group>";
		};
		EBBCFCF5299ABFB1000803C1 /* Products */ = {
			isa = PBXGroup;
			children = (
				EBBCFCF4299ABFB1000803C1 /* Day47-Milestone-HabitTrackerApp.app */,
			);
			name = Products;
			sourceTree = "<group>";
		};
		EBBCFCF6299ABFB1000803C1 /* Day47-Milestone-HabitTrackerApp */ = {
			isa = PBXGroup;
			children = (
				EBBCFCF7299ABFB1000803C1 /* Day47_Milestone_HabitTrackerAppApp.swift */,
				EBBCFCF9299ABFB1000803C1 /* ContentView.swift */,
				EB18E8D7299BBA4600F14CA3 /* HabitView.swift */,
				EBBCFD05299B59DF000803C1 /* HabitItem.swift */,
				EBBCFD07299B5A8B000803C1 /* Habits.swift */,
				EB18E8D5299B680B00F14CA3 /* AddView.swift */,
				EBBCFCFB299ABFB3000803C1 /* Assets.xcassets */,
				EBBCFCFD299ABFB3000803C1 /* Preview Content */,
			);
			path = "Day47-Milestone-HabitTrackerApp";
			sourceTree = "<group>";
		};
		EBBCFCFD299ABFB3000803C1 /* Preview Content */ = {
			isa = PBXGroup;
			children = (
				EBBCFCFE299ABFB3000803C1 /* Preview Assets.xcassets */,
			);
			path = "Preview Content";
			sourceTree = "<group>";
		};
/* End PBXGroup section */

/* Begin PBXNativeTarget section */
		EBBCFCF3299ABFB1000803C1 /* Day47-Milestone-HabitTrackerApp */ = {
			isa = PBXNativeTarget;
			buildConfigurationList = EBBCFD02299ABFB3000803C1 /* Build configuration list for PBXNativeTarget "Day47-Milestone-HabitTrackerApp" */;
			buildPhases = (
				EBBCFCF0299ABFB1000803C1 /* Sources */,
				EBBCFCF1299ABFB1000803C1 /* Frameworks */,
				EBBCFCF2299ABFB1000803C1 /* Resources */,
			);
			buildRules = (
			);
			dependencies = (
			);
			name = "Day47-Milestone-HabitTrackerApp";
			productName = "Day47-Milestone-HabitTrackerApp";
			productReference = EBBCFCF4299ABFB1000803C1 /* Day47-Milestone-HabitTrackerApp.app */;
			productType = "com.apple.product-type.application";
		};
/* End PBXNativeTarget section */

/* Begin PBXProject section */
		EBBCFCEC299ABFB1000803C1 /* Project object */ = {
			isa = PBXProject;
			attributes = {
				BuildIndependentTargetsInParallel = 1;
				LastSwiftUpdateCheck = 1420;
				LastUpgradeCheck = 1420;
				TargetAttributes = {
					EBBCFCF3299ABFB1000803C1 = {
						CreatedOnToolsVersion = 14.2;
					};
				};
			};
			buildConfigurationList = EBBCFCEF299ABFB1000803C1 /* Build configuration list for PBXProject "Day47-Milestone-HabitTrackerApp" */;
			compatibilityVersion = "Xcode 14.0";
			developmentRegion = en;
			hasScannedForEncodings = 0;
			knownRegions = (
				en,
				Base,
			);
			mainGroup = EBBCFCEB299ABFB1000803C1;
			productRefGroup = EBBCFCF5299ABFB1000803C1 /* Products */;
			projectDirPath = "";
			projectRoot = "";
			targets = (
				EBBCFCF3299ABFB1000803C1 /* Day47-Milestone-HabitTrackerApp */,
			);
		};
/* End PBXProject section */

/* Begin PBXResourcesBuildPhase section */
		EBBCFCF2299ABFB1000803C1 /* Resources */ = {
			isa = PBXResourcesBuildPhase;
			buildActionMask = 2147483647;
			files = (
				EBBCFCFF299ABFB3000803C1 /* Preview Assets.xcassets in Resources */,
				EBBCFCFC299ABFB3000803C1 /* Assets.xcassets in Resources */,
			);
			runOnlyForDeploymentPostprocessing = 0;
		};
/* End PBXResourcesBuildPhase section */

/* Begin PBXSourcesBuildPhase section */
		EBBCFCF0299ABFB1000803C1 /* Sources */ = {
			isa = PBXSourcesBuildPhase;
			buildActionMask = 2147483647;
			files = (
				EBBCFCFA299ABFB1000803C1 /* ContentView.swift in Sources */,
				EBBCFCF8299ABFB1000803C1 /* Day47_Milestone_HabitTrackerAppApp.swift in Sources */,
				EB18E8D6299B680B00F14CA3 /* AddView.swift in Sources */,
				EB18E8D8299BBA4600F14CA3 /* HabitView.swift in Sources */,
				EBBCFD08299B5A8B000803C1 /* Habits.swift in Sources */,
				EBBCFD06299B59DF000803C1 /* HabitItem.swift in Sources */,
			);
			runOnlyForDeploymentPostprocessing = 0;
		};
/* End PBXSourcesBuildPhase section */

/* Begin XCBuildConfiguration section */
		EBBCFD00299ABFB3000803C1 /* Debug */ = {
			isa = XCBuildConfiguration;
			buildSettings = {
				ALWAYS_SEARCH_USER_PATHS = NO;
				CLANG_ANALYZER_NONNULL = YES;
				CLANG_ANALYZER_NUMBER_OBJECT_CONVERSION = YES_AGGRESSIVE;
				CLANG_CXX_LANGUAGE_STANDARD = "gnu++20";
				CLANG_ENABLE_MODULES = YES;
				CLANG_ENABLE_OBJC_ARC = YES;
				CLANG_ENABLE_OBJC_WEAK = YES;
				CLANG_WARN_BLOCK_CAPTURE_AUTORELEASING = YES;
				CLANG_WARN_BOOL_CONVERSION = YES;
				CLANG_WARN_COMMA = YES;
				CLANG_WARN_CONSTANT_CONVERSION = YES;
				CLANG_WARN_DEPRECATED_OBJC_IMPLEMENTATIONS = YES;
				CLANG_WARN_DIRECT_OBJC_ISA_USAGE = YES_ERROR;
				CLANG_WARN_DOCUMENTATION_COMMENTS = YES;
				CLANG_WARN_EMPTY_BODY = YES;
				CLANG_WARN_ENUM_CONVERSION = YES;
				CLANG_WARN_INFINITE_RECURSION = YES;
				CLANG_WARN_INT_CONVERSION = YES;
				CLANG_WARN_NON_LITERAL_NULL_CONVERSION = YES;
				CLANG_WARN_OBJC_IMPLICIT_RETAIN_SELF = YES;
				CLANG_WARN_OBJC_LITERAL_CONVERSION = YES;
				CLANG_WARN_OBJC_ROOT_CLASS = YES_ERROR;
				CLANG_WARN_QUOTED_INCLUDE_IN_FRAMEWORK_HEADER = YES;
				CLANG_WARN_RANGE_LOOP_ANALYSIS = YES;
				CLANG_WARN_STRICT_PROTOTYPES = YES;
				CLANG_WARN_SUSPICIOUS_MOVE = YES;
				CLANG_WARN_UNGUARDED_AVAILABILITY = YES_AGGRESSIVE;
				CLANG_WARN_UNREACHABLE_CODE = YES;
				CLANG_WARN__DUPLICATE_METHOD_MATCH = YES;
				COPY_PHASE_STRIP = NO;
				DEBUG_INFORMATION_FORMAT = dwarf;
				ENABLE_STRICT_OBJC_MSGSEND = YES;
				ENABLE_TESTABILITY = YES;
				GCC_C_LANGUAGE_STANDARD = gnu11;
				GCC_DYNAMIC_NO_PIC = NO;
				GCC_NO_COMMON_BLOCKS = YES;
				GCC_OPTIMIZATION_LEVEL = 0;
				GCC_PREPROCESSOR_DEFINITIONS = (
					"DEBUG=1",
					"$(inherited)",
				);
				GCC_WARN_64_TO_32_BIT_CONVERSION = YES;
				GCC_WARN_ABOUT_RETURN_TYPE = YES_ERROR;
				GCC_WARN_UNDECLARED_SELECTOR = YES;
				GCC_WARN_UNINITIALIZED_AUTOS = YES_AGGRESSIVE;
				GCC_WARN_UNUSED_FUNCTION = YES;
				GCC_WARN_UNUSED_VARIABLE = YES;
				IPHONEOS_DEPLOYMENT_TARGET = 16.2;
				MTL_ENABLE_DEBUG_INFO = INCLUDE_SOURCE;
				MTL_FAST_MATH = YES;
				ONLY_ACTIVE_ARCH = YES;
				SDKROOT = iphoneos;
				SWIFT_ACTIVE_COMPILATION_CONDITIONS = DEBUG;
				SWIFT_OPTIMIZATION_LEVEL = "-Onone";
			};
			name = Debug;
		};
		EBBCFD01299ABFB3000803C1 /* Release */ = {
			isa = XCBuildConfiguration;
			buildSettings = {
				ALWAYS_SEARCH_USER_PATHS = NO;
				CLANG_ANALYZER_NONNULL = YES;
				CLANG_ANALYZER_NUMBER_OBJECT_CONVERSION = YES_AGGRESSIVE;
				CLANG_CXX_LANGUAGE_STANDARD = "gnu++20";
				CLANG_ENABLE_MODULES = YES;
				CLANG_ENABLE_OBJC_ARC = YES;
				CLANG_ENABLE_OBJC_WEAK = YES;
				CLANG_WARN_BLOCK_CAPTURE_AUTORELEASING = YES;
				CLANG_WARN_BOOL_CONVERSION = YES;
				CLANG_WARN_COMMA = YES;
				CLANG_WARN_CONSTANT_CONVERSION = YES;
				CLANG_WARN_DEPRECATED_OBJC_IMPLEMENTATIONS = YES;
				CLANG_WARN_DIRECT_OBJC_ISA_USAGE = YES_ERROR;
				CLANG_WARN_DOCUMENTATION_COMMENTS = YES;
				CLANG_WARN_EMPTY_BODY = YES;
				CLANG_WARN_ENUM_CONVERSION = YES;
				CLANG_WARN_INFINITE_RECURSION = YES;
				CLANG_WARN_INT_CONVERSION = YES;
				CLANG_WARN_NON_LITERAL_NULL_CONVERSION = YES;
				CLANG_WARN_OBJC_IMPLICIT_RETAIN_SELF = YES;
				CLANG_WARN_OBJC_LITERAL_CONVERSION = YES;
				CLANG_WARN_OBJC_ROOT_CLASS = YES_ERROR;
				CLANG_WARN_QUOTED_INCLUDE_IN_FRAMEWORK_HEADER = YES;
				CLANG_WARN_RANGE_LOOP_ANALYSIS = YES;
				CLANG_WARN_STRICT_PROTOTYPES = YES;
				CLANG_WARN_SUSPICIOUS_MOVE = YES;
				CLANG_WARN_UNGUARDED_AVAILABILITY = YES_AGGRESSIVE;
				CLANG_WARN_UNREACHABLE_CODE = YES;
				CLANG_WARN__DUPLICATE_METHOD_MATCH = YES;
				COPY_PHASE_STRIP = NO;
				DEBUG_INFORMATION_FORMAT = "dwarf-with-dsym";
				ENABLE_NS_ASSERTIONS = NO;
				ENABLE_STRICT_OBJC_MSGSEND = YES;
				GCC_C_LANGUAGE_STANDARD = gnu11;
				GCC_NO_COMMON_BLOCKS = YES;
				GCC_WARN_64_TO_32_BIT_CONVERSION = YES;
				GCC_WARN_ABOUT_RETURN_TYPE = YES_ERROR;
				GCC_WARN_UNDECLARED_SELECTOR = YES;
				GCC_WARN_UNINITIALIZED_AUTOS = YES_AGGRESSIVE;
				GCC_WARN_UNUSED_FUNCTION = YES;
				GCC_WARN_UNUSED_VARIABLE = YES;
				IPHONEOS_DEPLOYMENT_TARGET = 16.2;
				MTL_ENABLE_DEBUG_INFO = NO;
				MTL_FAST_MATH = YES;
				SDKROOT = iphoneos;
				SWIFT_COMPILATION_MODE = wholemodule;
				SWIFT_OPTIMIZATION_LEVEL = "-O";
				VALIDATE_PRODUCT = YES;
			};
			name = Release;
		};
		EBBCFD03299ABFB3000803C1 /* Debug */ = {
			isa = XCBuildConfiguration;
			buildSettings = {
				ASSETCATALOG_COMPILER_APPICON_NAME = AppIcon;
				ASSETCATALOG_COMPILER_GLOBAL_ACCENT_COLOR_NAME = AccentColor;
				CODE_SIGN_STYLE = Automatic;
				CURRENT_PROJECT_VERSION = 1;
				DEVELOPMENT_ASSET_PATHS = "\"Day47-Milestone-HabitTrackerApp/Preview Content\"";
				DEVELOPMENT_TEAM = MYL7DYP3W5;
				ENABLE_PREVIEWS = YES;
				GENERATE_INFOPLIST_FILE = YES;
				INFOPLIST_KEY_UIApplicationSceneManifest_Generation = YES;
				INFOPLIST_KEY_UIApplicationSupportsIndirectInputEvents = YES;
				INFOPLIST_KEY_UILaunchScreen_Generation = YES;
				INFOPLIST_KEY_UISupportedInterfaceOrientations_iPad = "UIInterfaceOrientationPortrait UIInterfaceOrientationPortraitUpsideDown UIInterfaceOrientationLandscapeLeft UIInterfaceOrientationLandscapeRight";
				INFOPLIST_KEY_UISupportedInterfaceOrientations_iPhone = "UIInterfaceOrientationPortrait UIInterfaceOrientationLandscapeLeft UIInterfaceOrientationLandscapeRight";
				LD_RUNPATH_SEARCH_PATHS = (
					"$(inherited)",
					"@executable_path/Frameworks",
				);
				MARKETING_VERSION = 1.0;
				PRODUCT_BUNDLE_IDENTIFIER = "com.emregemici.Day47-Milestone-HabitTrackerApp";
				PRODUCT_NAME = "$(TARGET_NAME)";
				SWIFT_EMIT_LOC_STRINGS = YES;
				SWIFT_VERSION = 5.0;
				TARGETED_DEVICE_FAMILY = "1,2";
			};
			name = Debug;
		};
		EBBCFD04299ABFB3000803C1 /* Release */ = {
			isa = XCBuildConfiguration;
			buildSettings = {
				ASSETCATALOG_COMPILER_APPICON_NAME = AppIcon;
				ASSETCATALOG_COMPILER_GLOBAL_ACCENT_COLOR_NAME = AccentColor;
				CODE_SIGN_STYLE = Automatic;
				CURRENT_PROJECT_VERSION = 1;
				DEVELOPMENT_ASSET_PATHS = "\"Day47-Milestone-HabitTrackerApp/Preview Content\"";
				DEVELOPMENT_TEAM = MYL7DYP3W5;
				ENABLE_PREVIEWS = YES;
				GENERATE_INFOPLIST_FILE = YES;
				INFOPLIST_KEY_UIApplicationSceneManifest_Generation = YES;
				INFOPLIST_KEY_UIApplicationSupportsIndirectInputEvents = YES;
				INFOPLIST_KEY_UILaunchScreen_Generation = YES;
				INFOPLIST_KEY_UISupportedInterfaceOrientations_iPad = "UIInterfaceOrientationPortrait UIInterfaceOrientationPortraitUpsideDown UIInterfaceOrientationLandscapeLeft UIInterfaceOrientationLandscapeRight";
				INFOPLIST_KEY_UISupportedInterfaceOrientations_iPhone = "UIInterfaceOrientationPortrait UIInterfaceOrientationLandscapeLeft UIInterfaceOrientationLandscapeRight";
				LD_RUNPATH_SEARCH_PATHS = (
					"$(inherited)",
					"@executable_path/Frameworks",
				);
				MARKETING_VERSION = 1.0;
				PRODUCT_BUNDLE_IDENTIFIER = "com.emregemici.Day47-Milestone-HabitTrackerApp";
				PRODUCT_NAME = "$(TARGET_NAME)";
				SWIFT_EMIT_LOC_STRINGS = YES;
				SWIFT_VERSION = 5.0;
				TARGETED_DEVICE_FAMILY = "1,2";
			};
			name = Release;
		};
/* End XCBuildConfiguration section */

/* Begin XCConfigurationList section */
		EBBCFCEF299ABFB1000803C1 /* Build configuration list for PBXProject "Day47-Milestone-HabitTrackerApp" */ = {
			isa = XCConfigurationList;
			buildConfigurations = (
				EBBCFD00299ABFB3000803C1 /* Debug */,
				EBBCFD01299ABFB3000803C1 /* Release */,
			);
			defaultConfigurationIsVisible = 0;
			defaultConfigurationName = Release;
		};
		EBBCFD02299ABFB3000803C1 /* Build configuration list for PBXNativeTarget "Day47-Milestone-HabitTrackerApp" */ = {
			isa = XCConfigurationList;
			buildConfigurations = (
				EBBCFD03299ABFB3000803C1 /* Debug */,
				EBBCFD04299ABFB3000803C1 /* Release */,
			);
			defaultConfigurationIsVisible = 0;
			defaultConfigurationName = Release;
		};
/* End XCConfigurationList section */
	};
	rootObject = EBBCFCEC299ABFB1000803C1 /* Project object */;
}
